// !$*UTF8*$!
{
	archiveVersion = 1;
	classes = {
	};
	objectVersion = 50;
	objects = {

/* Begin PBXBuildFile section */
		784CF93920F606AB007C7A97 /* SubwayViewController.swift in Sources */ = {isa = PBXBuildFile; fileRef = 784CF93820F606AB007C7A97 /* SubwayViewController.swift */; };
		784CF93C20F60893007C7A97 /* SubwayViewControllerCell.swift in Sources */ = {isa = PBXBuildFile; fileRef = 784CF93B20F60893007C7A97 /* SubwayViewControllerCell.swift */; };
		784CF93E20F609E8007C7A97 /* SubwayViewControllerDataSource.swift in Sources */ = {isa = PBXBuildFile; fileRef = 784CF93D20F609E8007C7A97 /* SubwayViewControllerDataSource.swift */; };
		784CF94220F60CD7007C7A97 /* CitiesViewController.swift in Sources */ = {isa = PBXBuildFile; fileRef = 784CF94120F60CD7007C7A97 /* CitiesViewController.swift */; };
		784CF94420F60CDD007C7A97 /* CitiesViewControllerDataSource.swift in Sources */ = {isa = PBXBuildFile; fileRef = 784CF94320F60CDD007C7A97 /* CitiesViewControllerDataSource.swift */; };
		784CF94820F60D78007C7A97 /* MapService.swift in Sources */ = {isa = PBXBuildFile; fileRef = 784CF94720F60D78007C7A97 /* MapService.swift */; };
		784CF94A20F6128F007C7A97 /* UIColor+SLMaps.swift in Sources */ = {isa = PBXBuildFile; fileRef = 784CF94920F6128F007C7A97 /* UIColor+SLMaps.swift */; };
		784CF94D20F61773007C7A97 /* MapViewControllerDataSource.swift in Sources */ = {isa = PBXBuildFile; fileRef = 784CF94C20F61773007C7A97 /* MapViewControllerDataSource.swift */; };
		784CF94F20F626DE007C7A97 /* MapAnnotationView.swift in Sources */ = {isa = PBXBuildFile; fileRef = 784CF94E20F626DE007C7A97 /* MapAnnotationView.swift */; };
		78B478D820F4DA45007FA7CB /* Locations.json in Resources */ = {isa = PBXBuildFile; fileRef = 78B478D720F4DA45007FA7CB /* Locations.json */; };
		78B478DA20F4E22F007FA7CB /* ModelCity.swift in Sources */ = {isa = PBXBuildFile; fileRef = 78B478D920F4E22F007FA7CB /* ModelCity.swift */; };
		78B478DC20F4E27D007FA7CB /* ModelLine.swift in Sources */ = {isa = PBXBuildFile; fileRef = 78B478DB20F4E27D007FA7CB /* ModelLine.swift */; };
		78B478DE20F4E2A6007FA7CB /* ModelStation.swift in Sources */ = {isa = PBXBuildFile; fileRef = 78B478DD20F4E2A6007FA7CB /* ModelStation.swift */; };
		78B478E020F4E312007FA7CB /* ModelMap.swift in Sources */ = {isa = PBXBuildFile; fileRef = 78B478DF20F4E312007FA7CB /* ModelMap.swift */; };
		78B7DBA420ED36AE00F36B1A /* AppDelegate.swift in Sources */ = {isa = PBXBuildFile; fileRef = 78B7DBA320ED36AE00F36B1A /* AppDelegate.swift */; };
		78B7DBA620ED36AE00F36B1A /* MapViewController.swift in Sources */ = {isa = PBXBuildFile; fileRef = 78B7DBA520ED36AE00F36B1A /* MapViewController.swift */; };
		78B7DBA920ED36AE00F36B1A /* Main.storyboard in Resources */ = {isa = PBXBuildFile; fileRef = 78B7DBA720ED36AE00F36B1A /* Main.storyboard */; };
		78B7DBAB20ED36AF00F36B1A /* Assets.xcassets in Resources */ = {isa = PBXBuildFile; fileRef = 78B7DBAA20ED36AF00F36B1A /* Assets.xcassets */; };
		78B7DBAE20ED36AF00F36B1A /* LaunchScreen.storyboard in Resources */ = {isa = PBXBuildFile; fileRef = 78B7DBAC20ED36AF00F36B1A /* LaunchScreen.storyboard */; };
		78B7DBB620ED372300F36B1A /* LocationService.swift in Sources */ = {isa = PBXBuildFile; fileRef = 78B7DBB520ED372300F36B1A /* LocationService.swift */; };
		78BA281A20ED50E1002B3BBE /* MapAnnotation.swift in Sources */ = {isa = PBXBuildFile; fileRef = 78BA281920ED50E1002B3BBE /* MapAnnotation.swift */; };
/* End PBXBuildFile section */

/* Begin PBXFileReference section */
		784CF93820F606AB007C7A97 /* SubwayViewController.swift */ = {isa = PBXFileReference; lastKnownFileType = sourcecode.swift; path = SubwayViewController.swift; sourceTree = "<group>"; };
		784CF93B20F60893007C7A97 /* SubwayViewControllerCell.swift */ = {isa = PBXFileReference; lastKnownFileType = sourcecode.swift; path = SubwayViewControllerCell.swift; sourceTree = "<group>"; };
		784CF93D20F609E8007C7A97 /* SubwayViewControllerDataSource.swift */ = {isa = PBXFileReference; lastKnownFileType = sourcecode.swift; path = SubwayViewControllerDataSource.swift; sourceTree = "<group>"; };
		784CF94120F60CD7007C7A97 /* CitiesViewController.swift */ = {isa = PBXFileReference; lastKnownFileType = sourcecode.swift; path = CitiesViewController.swift; sourceTree = "<group>"; };
		784CF94320F60CDD007C7A97 /* CitiesViewControllerDataSource.swift */ = {isa = PBXFileReference; lastKnownFileType = sourcecode.swift; path = CitiesViewControllerDataSource.swift; sourceTree = "<group>"; };
		784CF94720F60D78007C7A97 /* MapService.swift */ = {isa = PBXFileReference; lastKnownFileType = sourcecode.swift; path = MapService.swift; sourceTree = "<group>"; };
		784CF94920F6128F007C7A97 /* UIColor+SLMaps.swift */ = {isa = PBXFileReference; lastKnownFileType = sourcecode.swift; path = "UIColor+SLMaps.swift"; sourceTree = "<group>"; };
		784CF94C20F61773007C7A97 /* MapViewControllerDataSource.swift */ = {isa = PBXFileReference; lastKnownFileType = sourcecode.swift; path = MapViewControllerDataSource.swift; sourceTree = "<group>"; };
		784CF94E20F626DE007C7A97 /* MapAnnotationView.swift */ = {isa = PBXFileReference; lastKnownFileType = sourcecode.swift; path = MapAnnotationView.swift; sourceTree = "<group>"; };
		78B478D720F4DA45007FA7CB /* Locations.json */ = {isa = PBXFileReference; lastKnownFileType = text.json; path = Locations.json; sourceTree = "<group>"; };
		78B478D920F4E22F007FA7CB /* ModelCity.swift */ = {isa = PBXFileReference; lastKnownFileType = sourcecode.swift; path = ModelCity.swift; sourceTree = "<group>"; };
		78B478DB20F4E27D007FA7CB /* ModelLine.swift */ = {isa = PBXFileReference; lastKnownFileType = sourcecode.swift; path = ModelLine.swift; sourceTree = "<group>"; };
		78B478DD20F4E2A6007FA7CB /* ModelStation.swift */ = {isa = PBXFileReference; lastKnownFileType = sourcecode.swift; path = ModelStation.swift; sourceTree = "<group>"; };
		78B478DF20F4E312007FA7CB /* ModelMap.swift */ = {isa = PBXFileReference; lastKnownFileType = sourcecode.swift; path = ModelMap.swift; sourceTree = "<group>"; };
		78B7DBA020ED36AD00F36B1A /* SLMaps.app */ = {isa = PBXFileReference; explicitFileType = wrapper.application; includeInIndex = 0; path = SLMaps.app; sourceTree = BUILT_PRODUCTS_DIR; };
		78B7DBA320ED36AE00F36B1A /* AppDelegate.swift */ = {isa = PBXFileReference; lastKnownFileType = sourcecode.swift; path = AppDelegate.swift; sourceTree = "<group>"; };
		78B7DBA520ED36AE00F36B1A /* MapViewController.swift */ = {isa = PBXFileReference; lastKnownFileType = sourcecode.swift; path = MapViewController.swift; sourceTree = "<group>"; };
		78B7DBA820ED36AE00F36B1A /* Base */ = {isa = PBXFileReference; lastKnownFileType = file.storyboard; name = Base; path = Base.lproj/Main.storyboard; sourceTree = "<group>"; };
		78B7DBAA20ED36AF00F36B1A /* Assets.xcassets */ = {isa = PBXFileReference; lastKnownFileType = folder.assetcatalog; path = Assets.xcassets; sourceTree = "<group>"; };
		78B7DBAD20ED36AF00F36B1A /* Base */ = {isa = PBXFileReference; lastKnownFileType = file.storyboard; name = Base; path = Base.lproj/LaunchScreen.storyboard; sourceTree = "<group>"; };
		78B7DBAF20ED36AF00F36B1A /* Info.plist */ = {isa = PBXFileReference; lastKnownFileType = text.plist.xml; path = Info.plist; sourceTree = "<group>"; };
		78B7DBB520ED372300F36B1A /* LocationService.swift */ = {isa = PBXFileReference; lastKnownFileType = sourcecode.swift; path = LocationService.swift; sourceTree = "<group>"; };
		78BA281820ED4482002B3BBE /* Antalia.gpx */ = {isa = PBXFileReference; lastKnownFileType = text.xml; path = Antalia.gpx; sourceTree = "<group>"; };
		78BA281920ED50E1002B3BBE /* MapAnnotation.swift */ = {isa = PBXFileReference; lastKnownFileType = sourcecode.swift; path = MapAnnotation.swift; sourceTree = "<group>"; };
/* End PBXFileReference section */

/* Begin PBXFrameworksBuildPhase section */
		78B7DB9D20ED36AD00F36B1A /* Frameworks */ = {
			isa = PBXFrameworksBuildPhase;
			buildActionMask = 2147483647;
			files = (
			);
			runOnlyForDeploymentPostprocessing = 0;
		};
/* End PBXFrameworksBuildPhase section */

/* Begin PBXGroup section */
		784CF93420F6051E007C7A97 /* Resources */ = {
			isa = PBXGroup;
			children = (
				78B478D720F4DA45007FA7CB /* Locations.json */,
				78B7DBA720ED36AE00F36B1A /* Main.storyboard */,
				78B7DBAA20ED36AF00F36B1A /* Assets.xcassets */,
				78BA281820ED4482002B3BBE /* Antalia.gpx */,
				78B7DBAC20ED36AF00F36B1A /* LaunchScreen.storyboard */,
				78B7DBAF20ED36AF00F36B1A /* Info.plist */,
			);
			path = Resources;
			sourceTree = "<group>";
		};
		784CF93520F6052F007C7A97 /* Services */ = {
			isa = PBXGroup;
			children = (
				78B7DBB520ED372300F36B1A /* LocationService.swift */,
				784CF94720F60D78007C7A97 /* MapService.swift */,
			);
			path = Services;
			sourceTree = "<group>";
		};
		784CF93620F60537007C7A97 /* Model */ = {
			isa = PBXGroup;
			children = (
				78B478DF20F4E312007FA7CB /* ModelMap.swift */,
				78B478D920F4E22F007FA7CB /* ModelCity.swift */,
				78B478DB20F4E27D007FA7CB /* ModelLine.swift */,
				78B478DD20F4E2A6007FA7CB /* ModelStation.swift */,
			);
			path = Model;
			sourceTree = "<group>";
		};
		784CF93720F60545007C7A97 /* Map */ = {
			isa = PBXGroup;
			children = (
				78BA281920ED50E1002B3BBE /* MapAnnotation.swift */,
				784CF94E20F626DE007C7A97 /* MapAnnotationView.swift */,
			);
			path = Map;
			sourceTree = "<group>";
		};
		784CF93A20F6084C007C7A97 /* Controllers */ = {
			isa = PBXGroup;
			children = (
				784CF94020F60CC6007C7A97 /* Cities */,
				784CF93F20F609F0007C7A97 /* Subway */,
				784CF94B20F61764007C7A97 /* Map */,
			);
			path = Controllers;
			sourceTree = "<group>";
		};
		784CF93F20F609F0007C7A97 /* Subway */ = {
			isa = PBXGroup;
			children = (
				784CF93D20F609E8007C7A97 /* SubwayViewControllerDataSource.swift */,
				784CF93820F606AB007C7A97 /* SubwayViewController.swift */,
				784CF93B20F60893007C7A97 /* SubwayViewControllerCell.swift */,
			);
			path = Subway;
			sourceTree = "<group>";
		};
		784CF94020F60CC6007C7A97 /* Cities */ = {
			isa = PBXGroup;
			children = (
				784CF94120F60CD7007C7A97 /* CitiesViewController.swift */,
				784CF94320F60CDD007C7A97 /* CitiesViewControllerDataSource.swift */,
			);
			path = Cities;
			sourceTree = "<group>";
		};
		784CF94B20F61764007C7A97 /* Map */ = {
			isa = PBXGroup;
			children = (
				78B7DBA520ED36AE00F36B1A /* MapViewController.swift */,
				784CF94C20F61773007C7A97 /* MapViewControllerDataSource.swift */,
			);
			path = Map;
			sourceTree = "<group>";
		};
		78B7DB9720ED36AD00F36B1A = {
			isa = PBXGroup;
			children = (
				78B7DBA220ED36AD00F36B1A /* SLMaps */,
				78B7DBA120ED36AD00F36B1A /* Products */,
			);
			sourceTree = "<group>";
		};
		78B7DBA120ED36AD00F36B1A /* Products */ = {
			isa = PBXGroup;
			children = (
				78B7DBA020ED36AD00F36B1A /* SLMaps.app */,
			);
			name = Products;
			sourceTree = "<group>";
		};
		78B7DBA220ED36AD00F36B1A /* SLMaps */ = {
			isa = PBXGroup;
			children = (
				78B7DBA320ED36AE00F36B1A /* AppDelegate.swift */,
				784CF93520F6052F007C7A97 /* Services */,
				784CF93620F60537007C7A97 /* Model */,
				784CF93720F60545007C7A97 /* Map */,
				784CF93A20F6084C007C7A97 /* Controllers */,
				784CF94920F6128F007C7A97 /* UIColor+SLMaps.swift */,
				784CF93420F6051E007C7A97 /* Resources */,
			);
			path = SLMaps;
			sourceTree = "<group>";
		};
/* End PBXGroup section */

/* Begin PBXNativeTarget section */
		78B7DB9F20ED36AD00F36B1A /* SLMaps */ = {
			isa = PBXNativeTarget;
			buildConfigurationList = 78B7DBB220ED36AF00F36B1A /* Build configuration list for PBXNativeTarget "SLMaps" */;
			buildPhases = (
				78B7DB9C20ED36AD00F36B1A /* Sources */,
				78B7DB9D20ED36AD00F36B1A /* Frameworks */,
				78B7DB9E20ED36AD00F36B1A /* Resources */,
			);
			buildRules = (
			);
			dependencies = (
			);
			name = SLMaps;
			productName = SLMaps;
			productReference = 78B7DBA020ED36AD00F36B1A /* SLMaps.app */;
			productType = "com.apple.product-type.application";
		};
/* End PBXNativeTarget section */

/* Begin PBXProject section */
		78B7DB9820ED36AD00F36B1A /* Project object */ = {
			isa = PBXProject;
			attributes = {
				LastSwiftUpdateCheck = 1000;
				LastUpgradeCheck = 1000;
				ORGANIZATIONNAME = "Complex Numbers";
				TargetAttributes = {
					78B7DB9F20ED36AD00F36B1A = {
						CreatedOnToolsVersion = 10.0;
					};
				};
			};
			buildConfigurationList = 78B7DB9B20ED36AD00F36B1A /* Build configuration list for PBXProject "SLMaps" */;
			compatibilityVersion = "Xcode 9.3";
			developmentRegion = en;
			hasScannedForEncodings = 0;
			knownRegions = (
				en,
				Base,
			);
			mainGroup = 78B7DB9720ED36AD00F36B1A;
			productRefGroup = 78B7DBA120ED36AD00F36B1A /* Products */;
			projectDirPath = "";
			projectRoot = "";
			targets = (
				78B7DB9F20ED36AD00F36B1A /* SLMaps */,
			);
		};
/* End PBXProject section */

/* Begin PBXResourcesBuildPhase section */
		78B7DB9E20ED36AD00F36B1A /* Resources */ = {
			isa = PBXResourcesBuildPhase;
			buildActionMask = 2147483647;
			files = (
				78B478D820F4DA45007FA7CB /* Locations.json in Resources */,
				78B7DBAE20ED36AF00F36B1A /* LaunchScreen.storyboard in Resources */,
				78B7DBAB20ED36AF00F36B1A /* Assets.xcassets in Resources */,
				78B7DBA920ED36AE00F36B1A /* Main.storyboard in Resources */,
			);
			runOnlyForDeploymentPostprocessing = 0;
		};
/* End PBXResourcesBuildPhase section */

/* Begin PBXSourcesBuildPhase section */
		78B7DB9C20ED36AD00F36B1A /* Sources */ = {
			isa = PBXSourcesBuildPhase;
			buildActionMask = 2147483647;
			files = (
				78B478E020F4E312007FA7CB /* ModelMap.swift in Sources */,
				78B478DA20F4E22F007FA7CB /* ModelCity.swift in Sources */,
				78B7DBA620ED36AE00F36B1A /* MapViewController.swift in Sources */,
				78B7DBB620ED372300F36B1A /* LocationService.swift in Sources */,
				784CF94A20F6128F007C7A97 /* UIColor+SLMaps.swift in Sources */,
				784CF93920F606AB007C7A97 /* SubwayViewController.swift in Sources */,
				784CF93E20F609E8007C7A97 /* SubwayViewControllerDataSource.swift in Sources */,
				784CF94820F60D78007C7A97 /* MapService.swift in Sources */,
				784CF94F20F626DE007C7A97 /* MapAnnotationView.swift in Sources */,
				78B478DC20F4E27D007FA7CB /* ModelLine.swift in Sources */,
				78B478DE20F4E2A6007FA7CB /* ModelStation.swift in Sources */,
				784CF93C20F60893007C7A97 /* SubwayViewControllerCell.swift in Sources */,
				784CF94220F60CD7007C7A97 /* CitiesViewController.swift in Sources */,
				784CF94D20F61773007C7A97 /* MapViewControllerDataSource.swift in Sources */,
				784CF94420F60CDD007C7A97 /* CitiesViewControllerDataSource.swift in Sources */,
				78BA281A20ED50E1002B3BBE /* MapAnnotation.swift in Sources */,
				78B7DBA420ED36AE00F36B1A /* AppDelegate.swift in Sources */,
			);
			runOnlyForDeploymentPostprocessing = 0;
		};
/* End PBXSourcesBuildPhase section */

/* Begin PBXVariantGroup section */
		78B7DBA720ED36AE00F36B1A /* Main.storyboard */ = {
			isa = PBXVariantGroup;
			children = (
				78B7DBA820ED36AE00F36B1A /* Base */,
			);
			name = Main.storyboard;
			sourceTree = "<group>";
		};
		78B7DBAC20ED36AF00F36B1A /* LaunchScreen.storyboard */ = {
			isa = PBXVariantGroup;
			children = (
				78B7DBAD20ED36AF00F36B1A /* Base */,
			);
			name = LaunchScreen.storyboard;
			sourceTree = "<group>";
		};
/* End PBXVariantGroup section */

/* Begin XCBuildConfiguration section */
		78B7DBB020ED36AF00F36B1A /* Debug */ = {
			isa = XCBuildConfiguration;
			buildSettings = {
				ALWAYS_SEARCH_USER_PATHS = NO;
				CLANG_ANALYZER_NONNULL = YES;
				CLANG_ANALYZER_NUMBER_OBJECT_CONVERSION = YES_AGGRESSIVE;
				CLANG_CXX_LANGUAGE_STANDARD = "gnu++14";
				CLANG_CXX_LIBRARY = "libc++";
				CLANG_ENABLE_MODULES = YES;
				CLANG_ENABLE_OBJC_ARC = YES;
				CLANG_ENABLE_OBJC_WEAK = YES;
				CLANG_WARN_BLOCK_CAPTURE_AUTORELEASING = YES;
				CLANG_WARN_BOOL_CONVERSION = YES;
				CLANG_WARN_COMMA = YES;
				CLANG_WARN_CONSTANT_CONVERSION = YES;
				CLANG_WARN_DEPRECATED_OBJC_IMPLEMENTATIONS = YES;
				CLANG_WARN_DIRECT_OBJC_ISA_USAGE = YES_ERROR;
				CLANG_WARN_DOCUMENTATION_COMMENTS = YES;
				CLANG_WARN_EMPTY_BODY = YES;
				CLANG_WARN_ENUM_CONVERSION = YES;
				CLANG_WARN_INFINITE_RECURSION = YES;
				CLANG_WARN_INT_CONVERSION = YES;
				CLANG_WARN_NON_LITERAL_NULL_CONVERSION = YES;
				CLANG_WARN_OBJC_IMPLICIT_RETAIN_SELF = YES;
				CLANG_WARN_OBJC_LITERAL_CONVERSION = YES;
				CLANG_WARN_OBJC_ROOT_CLASS = YES_ERROR;
				CLANG_WARN_RANGE_LOOP_ANALYSIS = YES;
				CLANG_WARN_STRICT_PROTOTYPES = YES;
				CLANG_WARN_SUSPICIOUS_MOVE = YES;
				CLANG_WARN_UNGUARDED_AVAILABILITY = YES_AGGRESSIVE;
				CLANG_WARN_UNREACHABLE_CODE = YES;
				CLANG_WARN__DUPLICATE_METHOD_MATCH = YES;
				CODE_SIGN_IDENTITY = "iPhone Developer";
				COPY_PHASE_STRIP = NO;
				DEBUG_INFORMATION_FORMAT = dwarf;
				ENABLE_STRICT_OBJC_MSGSEND = YES;
				ENABLE_TESTABILITY = YES;
				GCC_C_LANGUAGE_STANDARD = gnu11;
				GCC_DYNAMIC_NO_PIC = NO;
				GCC_NO_COMMON_BLOCKS = YES;
				GCC_OPTIMIZATION_LEVEL = 0;
				GCC_PREPROCESSOR_DEFINITIONS = (
					"DEBUG=1",
					"$(inherited)",
				);
				GCC_WARN_64_TO_32_BIT_CONVERSION = YES;
				GCC_WARN_ABOUT_RETURN_TYPE = YES_ERROR;
				GCC_WARN_UNDECLARED_SELECTOR = YES;
				GCC_WARN_UNINITIALIZED_AUTOS = YES_AGGRESSIVE;
				GCC_WARN_UNUSED_FUNCTION = YES;
				GCC_WARN_UNUSED_VARIABLE = YES;
				INFOPLIST_FILE = "";
				IPHONEOS_DEPLOYMENT_TARGET = 12.0;
				MTL_ENABLE_DEBUG_INFO = INCLUDE_SOURCE;
				ONLY_ACTIVE_ARCH = YES;
				SDKROOT = iphoneos;
				SWIFT_ACTIVE_COMPILATION_CONDITIONS = DEBUG;
				SWIFT_OPTIMIZATION_LEVEL = "-Onone";
			};
			name = Debug;
		};
		78B7DBB120ED36AF00F36B1A /* Release */ = {
			isa = XCBuildConfiguration;
			buildSettings = {
				ALWAYS_SEARCH_USER_PATHS = NO;
				CLANG_ANALYZER_NONNULL = YES;
				CLANG_ANALYZER_NUMBER_OBJECT_CONVERSION = YES_AGGRESSIVE;
				CLANG_CXX_LANGUAGE_STANDARD = "gnu++14";
				CLANG_CXX_LIBRARY = "libc++";
				CLANG_ENABLE_MODULES = YES;
				CLANG_ENABLE_OBJC_ARC = YES;
				CLANG_ENABLE_OBJC_WEAK = YES;
				CLANG_WARN_BLOCK_CAPTURE_AUTORELEASING = YES;
				CLANG_WARN_BOOL_CONVERSION = YES;
				CLANG_WARN_COMMA = YES;
				CLANG_WARN_CONSTANT_CONVERSION = YES;
				CLANG_WARN_DEPRECATED_OBJC_IMPLEMENTATIONS = YES;
				CLANG_WARN_DIRECT_OBJC_ISA_USAGE = YES_ERROR;
				CLANG_WARN_DOCUMENTATION_COMMENTS = YES;
				CLANG_WARN_EMPTY_BODY = YES;
				CLANG_WARN_ENUM_CONVERSION = YES;
				CLANG_WARN_INFINITE_RECURSION = YES;
				CLANG_WARN_INT_CONVERSION = YES;
				CLANG_WARN_NON_LITERAL_NULL_CONVERSION = YES;
				CLANG_WARN_OBJC_IMPLICIT_RETAIN_SELF = YES;
				CLANG_WARN_OBJC_LITERAL_CONVERSION = YES;
				CLANG_WARN_OBJC_ROOT_CLASS = YES_ERROR;
				CLANG_WARN_RANGE_LOOP_ANALYSIS = YES;
				CLANG_WARN_STRICT_PROTOTYPES = YES;
				CLANG_WARN_SUSPICIOUS_MOVE = YES;
				CLANG_WARN_UNGUARDED_AVAILABILITY = YES_AGGRESSIVE;
				CLANG_WARN_UNREACHABLE_CODE = YES;
				CLANG_WARN__DUPLICATE_METHOD_MATCH = YES;
				CODE_SIGN_IDENTITY = "iPhone Developer";
				COPY_PHASE_STRIP = NO;
				DEBUG_INFORMATION_FORMAT = "dwarf-with-dsym";
				ENABLE_NS_ASSERTIONS = NO;
				ENABLE_STRICT_OBJC_MSGSEND = YES;
				GCC_C_LANGUAGE_STANDARD = gnu11;
				GCC_NO_COMMON_BLOCKS = YES;
				GCC_WARN_64_TO_32_BIT_CONVERSION = YES;
				GCC_WARN_ABOUT_RETURN_TYPE = YES_ERROR;
				GCC_WARN_UNDECLARED_SELECTOR = YES;
				GCC_WARN_UNINITIALIZED_AUTOS = YES_AGGRESSIVE;
				GCC_WARN_UNUSED_FUNCTION = YES;
				GCC_WARN_UNUSED_VARIABLE = YES;
				INFOPLIST_FILE = "";
				IPHONEOS_DEPLOYMENT_TARGET = 12.0;
				MTL_ENABLE_DEBUG_INFO = NO;
				SDKROOT = iphoneos;
				SWIFT_COMPILATION_MODE = wholemodule;
				SWIFT_OPTIMIZATION_LEVEL = "-O";
				VALIDATE_PRODUCT = YES;
			};
			name = Release;
		};
		78B7DBB320ED36AF00F36B1A /* Debug */ = {
			isa = XCBuildConfiguration;
			buildSettings = {
				ASSETCATALOG_COMPILER_APPICON_NAME = AppIcon;
				CODE_SIGN_STYLE = Automatic;
				DEVELOPMENT_TEAM = Z5BDHTFRH5;
				INFOPLIST_FILE = "$(SRCROOT)/SLMaps/Resources/Info.plist";
				LD_RUNPATH_SEARCH_PATHS = (
					"$(inherited)",
					"@executable_path/Frameworks",
				);
				PRODUCT_BUNDLE_IDENTIFIER = pro.complex.numbers.SLMaps;
				PRODUCT_NAME = "$(TARGET_NAME)";
				SWIFT_VERSION = 4.2;
				TARGETED_DEVICE_FAMILY = "1,2";
			};
			name = Debug;
		};
		78B7DBB420ED36AF00F36B1A /* Release */ = {
			isa = XCBuildConfiguration;
			buildSettings = {
				ASSETCATALOG_COMPILER_APPICON_NAME = AppIcon;
				CODE_SIGN_STYLE = Automatic;
				DEVELOPMENT_TEAM = Z5BDHTFRH5;
				INFOPLIST_FILE = "$(SRCROOT)/SLMaps/Resources/Info.plist";
				LD_RUNPATH_SEARCH_PATHS = (
					"$(inherited)",
					"@executable_path/Frameworks",
				);
				PRODUCT_BUNDLE_IDENTIFIER = pro.complex.numbers.SLMaps;
				PRODUCT_NAME = "$(TARGET_NAME)";
				SWIFT_VERSION = 4.2;
				TARGETED_DEVICE_FAMILY = "1,2";
			};
			name = Release;
		};
/* End XCBuildConfiguration section */

/* Begin XCConfigurationList section */
		78B7DB9B20ED36AD00F36B1A /* Build configuration list for PBXProject "SLMaps" */ = {
			isa = XCConfigurationList;
			buildConfigurations = (
				78B7DBB020ED36AF00F36B1A /* Debug */,
				78B7DBB120ED36AF00F36B1A /* Release */,
			);
			defaultConfigurationIsVisible = 0;
			defaultConfigurationName = Release;
		};
		78B7DBB220ED36AF00F36B1A /* Build configuration list for PBXNativeTarget "SLMaps" */ = {
			isa = XCConfigurationList;
			buildConfigurations = (
				78B7DBB320ED36AF00F36B1A /* Debug */,
				78B7DBB420ED36AF00F36B1A /* Release */,
			);
			defaultConfigurationIsVisible = 0;
			defaultConfigurationName = Release;
		};
/* End XCConfigurationList section */
	};
	rootObject = 78B7DB9820ED36AD00F36B1A /* Project object */;
}
